<?xml version="1.0" encoding="utf-8"?>
<Project ToolsVersion="15.0" xmlns="http://schemas.microsoft.com/developer/msbuild/2003">
  <ItemGroup>
    <ClCompile Include="E:\Projects\DownloadProjects\CloudCompare-master\build\qCC\CloudCompare_autogen\mocs_compilation.cpp">
      <Filter>Source Files</Filter>
    </ClCompile>
    <ClCompile Include="E:\Projects\DownloadProjects\CloudCompare-master\qCC\cc2.5DimEditor.cpp">
      <Filter>Source Files</Filter>
    </ClCompile>
    <ClCompile Include="E:\Projects\DownloadProjects\CloudCompare-master\qCC\ccAboutDialog.cpp">
      <Filter>Source Files</Filter>
    </ClCompile>
    <ClCompile Include="E:\Projects\DownloadProjects\CloudCompare-master\qCC\ccAdjustZoomDlg.cpp">
      <Filter>Source Files</Filter>
    </ClCompile>
    <ClCompile Include="E:\Projects\DownloadProjects\CloudCompare-master\qCC\ccAlignDlg.cpp">
      <Filter>Source Files</Filter>
    </ClCompile>
    <ClCompile Include="E:\Projects\DownloadProjects\CloudCompare-master\qCC\ccApplication.cpp">
      <Filter>Source Files</Filter>
    </ClCompile>
    <ClCompile Include="E:\Projects\DownloadProjects\CloudCompare-master\qCC\ccApplyTransformationDlg.cpp">
      <Filter>Source Files</Filter>
    </ClCompile>
    <ClCompile Include="E:\Projects\DownloadProjects\CloudCompare-master\qCC\ccAskThreeDoubleValuesDlg.cpp">
      <Filter>Source Files</Filter>
    </ClCompile>
    <ClCompile Include="E:\Projects\DownloadProjects\CloudCompare-master\qCC\ccAskTwoDoubleValuesDlg.cpp">
      <Filter>Source Files</Filter>
    </ClCompile>
    <ClCompile Include="E:\Projects\DownloadProjects\CloudCompare-master\qCC\ccBoundingBoxEditorDlg.cpp">
      <Filter>Source Files</Filter>
    </ClCompile>
    <ClCompile Include="E:\Projects\DownloadProjects\CloudCompare-master\qCC\ccCamSensorProjectionDlg.cpp">
      <Filter>Source Files</Filter>
    </ClCompile>
    <ClCompile Include="E:\Projects\DownloadProjects\CloudCompare-master\qCC\ccClippingBoxRepeatDlg.cpp">
      <Filter>Source Files</Filter>
    </ClCompile>
    <ClCompile Include="E:\Projects\DownloadProjects\CloudCompare-master\qCC\ccClippingBoxTool.cpp">
      <Filter>Source Files</Filter>
    </ClCompile>
    <ClCompile Include="E:\Projects\DownloadProjects\CloudCompare-master\qCC\ccColorFromScalarDlg.cpp">
      <Filter>Source Files</Filter>
    </ClCompile>
    <ClCompile Include="E:\Projects\DownloadProjects\CloudCompare-master\qCC\ccColorGradientDlg.cpp">
      <Filter>Source Files</Filter>
    </ClCompile>
    <ClCompile Include="E:\Projects\DownloadProjects\CloudCompare-master\qCC\ccColorLevelsDlg.cpp">
      <Filter>Source Files</Filter>
    </ClCompile>
    <ClCompile Include="E:\Projects\DownloadProjects\CloudCompare-master\qCC\ccCommandCrossSection.cpp">
      <Filter>Source Files</Filter>
    </ClCompile>
    <ClCompile Include="E:\Projects\DownloadProjects\CloudCompare-master\qCC\ccCommandLineCommands.cpp">
      <Filter>Source Files</Filter>
    </ClCompile>
    <ClCompile Include="E:\Projects\DownloadProjects\CloudCompare-master\qCC\ccCommandLineParser.cpp">
      <Filter>Source Files</Filter>
    </ClCompile>
    <ClCompile Include="E:\Projects\DownloadProjects\CloudCompare-master\qCC\ccCommandRaster.cpp">
      <Filter>Source Files</Filter>
    </ClCompile>
    <ClCompile Include="E:\Projects\DownloadProjects\CloudCompare-master\qCC\ccComparisonDlg.cpp">
      <Filter>Source Files</Filter>
    </ClCompile>
    <ClCompile Include="E:\Projects\DownloadProjects\CloudCompare-master\qCC\ccComputeOctreeDlg.cpp">
      <Filter>Source Files</Filter>
    </ClCompile>
    <ClCompile Include="E:\Projects\DownloadProjects\CloudCompare-master\qCC\ccConsole.cpp">
      <Filter>Source Files</Filter>
    </ClCompile>
    <ClCompile Include="E:\Projects\DownloadProjects\CloudCompare-master\qCC\ccContourLinesGenerator.cpp">
      <Filter>Source Files</Filter>
    </ClCompile>
    <ClCompile Include="E:\Projects\DownloadProjects\CloudCompare-master\qCC\ccCropTool.cpp">
      <Filter>Source Files</Filter>
    </ClCompile>
    <ClCompile Include="E:\Projects\DownloadProjects\CloudCompare-master\qCC\ccEntityAction.cpp">
      <Filter>Source Files</Filter>
    </ClCompile>
    <ClCompile Include="E:\Projects\DownloadProjects\CloudCompare-master\qCC\ccEntitySelectionDlg.cpp">
      <Filter>Source Files</Filter>
    </ClCompile>
    <ClCompile Include="E:\Projects\DownloadProjects\CloudCompare-master\qCC\ccEnvelopeExtractor.cpp">
      <Filter>Source Files</Filter>
    </ClCompile>
    <ClCompile Include="E:\Projects\DownloadProjects\CloudCompare-master\qCC\ccEnvelopeExtractorDlg.cpp">
      <Filter>Source Files</Filter>
    </ClCompile>
    <ClCompile Include="E:\Projects\DownloadProjects\CloudCompare-master\qCC\ccExportCoordToSFDlg.cpp">
      <Filter>Source Files</Filter>
    </ClCompile>
    <ClCompile Include="E:\Projects\DownloadProjects\CloudCompare-master\qCC\ccFilterByValueDlg.cpp">
      <Filter>Source Files</Filter>
    </ClCompile>
    <ClCompile Include="E:\Projects\DownloadProjects\CloudCompare-master\qCC\ccGBLSensorProjectionDlg.cpp">
      <Filter>Source Files</Filter>
    </ClCompile>
    <ClCompile Include="E:\Projects\DownloadProjects\CloudCompare-master\qCC\ccGeomFeaturesDlg.cpp">
      <Filter>Source Files</Filter>
    </ClCompile>
    <ClCompile Include="E:\Projects\DownloadProjects\CloudCompare-master\qCC\ccGraphicalSegmentationTool.cpp">
      <Filter>Source Files</Filter>
    </ClCompile>
    <ClCompile Include="E:\Projects\DownloadProjects\CloudCompare-master\qCC\ccGraphicalTransformationTool.cpp">
      <Filter>Source Files</Filter>
    </ClCompile>
    <ClCompile Include="E:\Projects\DownloadProjects\CloudCompare-master\qCC\ccHistogramWindow.cpp">
      <Filter>Source Files</Filter>
    </ClCompile>
    <ClCompile Include="E:\Projects\DownloadProjects\CloudCompare-master\qCC\ccInnerRect2DFinder.cpp">
      <Filter>Source Files</Filter>
    </ClCompile>
    <ClCompile Include="E:\Projects\DownloadProjects\CloudCompare-master\qCC\ccInterpolationDlg.cpp">
      <Filter>Source Files</Filter>
    </ClCompile>
    <ClCompile Include="E:\Projects\DownloadProjects\CloudCompare-master\qCC\ccItemSelectionDlg.cpp">
      <Filter>Source Files</Filter>
    </ClCompile>
    <ClCompile Include="E:\Projects\DownloadProjects\CloudCompare-master\qCC\ccLabelingDlg.cpp">
      <Filter>Source Files</Filter>
    </ClCompile>
    <ClCompile Include="E:\Projects\DownloadProjects\CloudCompare-master\qCC\ccLibAlgorithms.cpp">
      <Filter>Source Files</Filter>
    </ClCompile>
    <ClCompile Include="E:\Projects\DownloadProjects\CloudCompare-master\qCC\ccMatchScalesDlg.cpp">
      <Filter>Source Files</Filter>
    </ClCompile>
    <ClCompile Include="E:\Projects\DownloadProjects\CloudCompare-master\qCC\ccNoiseFilterDlg.cpp">
      <Filter>Source Files</Filter>
    </ClCompile>
    <ClCompile Include="E:\Projects\DownloadProjects\CloudCompare-master\qCC\ccNormalComputationDlg.cpp">
      <Filter>Source Files</Filter>
    </ClCompile>
    <ClCompile Include="E:\Projects\DownloadProjects\CloudCompare-master\qCC\ccOrderChoiceDlg.cpp">
      <Filter>Source Files</Filter>
    </ClCompile>
    <ClCompile Include="E:\Projects\DownloadProjects\CloudCompare-master\qCC\ccOrthoSectionGenerationDlg.cpp">
      <Filter>Source Files</Filter>
    </ClCompile>
    <ClCompile Include="E:\Projects\DownloadProjects\CloudCompare-master\qCC\ccPlaneEditDlg.cpp">
      <Filter>Source Files</Filter>
    </ClCompile>
    <ClCompile Include="E:\Projects\DownloadProjects\CloudCompare-master\qCC\ccPointListPickingDlg.cpp">
      <Filter>Source Files</Filter>
    </ClCompile>
    <ClCompile Include="E:\Projects\DownloadProjects\CloudCompare-master\qCC\ccPointPairRegistrationDlg.cpp">
      <Filter>Source Files</Filter>
    </ClCompile>
    <ClCompile Include="E:\Projects\DownloadProjects\CloudCompare-master\qCC\ccPointPickingGenericInterface.cpp">
      <Filter>Source Files</Filter>
    </ClCompile>
    <ClCompile Include="E:\Projects\DownloadProjects\CloudCompare-master\qCC\ccPointPropertiesDlg.cpp">
      <Filter>Source Files</Filter>
    </ClCompile>
    <ClCompile Include="E:\Projects\DownloadProjects\CloudCompare-master\qCC\ccPrimitiveDistanceDlg.cpp">
      <Filter>Source Files</Filter>
    </ClCompile>
    <ClCompile Include="E:\Projects\DownloadProjects\CloudCompare-master\qCC\ccPrimitiveFactoryDlg.cpp">
      <Filter>Source Files</Filter>
    </ClCompile>
    <ClCompile Include="E:\Projects\DownloadProjects\CloudCompare-master\qCC\ccPtsSamplingDlg.cpp">
      <Filter>Source Files</Filter>
    </ClCompile>
    <ClCompile Include="E:\Projects\DownloadProjects\CloudCompare-master\qCC\ccRasterizeTool.cpp">
      <Filter>Source Files</Filter>
    </ClCompile>
    <ClCompile Include="E:\Projects\DownloadProjects\CloudCompare-master\qCC\ccRecentFiles.cpp">
      <Filter>Source Files</Filter>
    </ClCompile>
    <ClCompile Include="E:\Projects\DownloadProjects\CloudCompare-master\qCC\ccRegistrationDlg.cpp">
      <Filter>Source Files</Filter>
    </ClCompile>
    <ClCompile Include="E:\Projects\DownloadProjects\CloudCompare-master\qCC\ccRegistrationTools.cpp">
      <Filter>Source Files</Filter>
    </ClCompile>
    <ClCompile Include="E:\Projects\DownloadProjects\CloudCompare-master\qCC\ccSORFilterDlg.cpp">
      <Filter>Source Files</Filter>
    </ClCompile>
    <ClCompile Include="E:\Projects\DownloadProjects\CloudCompare-master\qCC\ccScalarFieldArithmeticsDlg.cpp">
      <Filter>Source Files</Filter>
    </ClCompile>
    <ClCompile Include="E:\Projects\DownloadProjects\CloudCompare-master\qCC\ccScalarFieldFromColorDlg.cpp">
      <Filter>Source Files</Filter>
    </ClCompile>
    <ClCompile Include="E:\Projects\DownloadProjects\CloudCompare-master\qCC\ccScaleDlg.cpp">
      <Filter>Source Files</Filter>
    </ClCompile>
    <ClCompile Include="E:\Projects\DownloadProjects\CloudCompare-master\qCC\ccSectionExtractionSubDlg.cpp">
      <Filter>Source Files</Filter>
    </ClCompile>
    <ClCompile Include="E:\Projects\DownloadProjects\CloudCompare-master\qCC\ccSectionExtractionTool.cpp">
      <Filter>Source Files</Filter>
    </ClCompile>
    <ClCompile Include="E:\Projects\DownloadProjects\CloudCompare-master\qCC\ccSelectChildrenDlg.cpp">
      <Filter>Source Files</Filter>
    </ClCompile>
    <ClCompile Include="E:\Projects\DownloadProjects\CloudCompare-master\qCC\ccSensorComputeDistancesDlg.cpp">
      <Filter>Source Files</Filter>
    </ClCompile>
    <ClCompile Include="E:\Projects\DownloadProjects\CloudCompare-master\qCC\ccSensorComputeScatteringAnglesDlg.cpp">
      <Filter>Source Files</Filter>
    </ClCompile>
    <ClCompile Include="E:\Projects\DownloadProjects\CloudCompare-master\qCC\ccSmoothPolylineDlg.cpp">
      <Filter>Source Files</Filter>
    </ClCompile>
    <ClCompile Include="E:\Projects\DownloadProjects\CloudCompare-master\qCC\ccStatisticalTestDlg.cpp">
      <Filter>Source Files</Filter>
    </ClCompile>
    <ClCompile Include="E:\Projects\DownloadProjects\CloudCompare-master\qCC\ccSubsamplingDlg.cpp">
      <Filter>Source Files</Filter>
    </ClCompile>
    <ClCompile Include="E:\Projects\DownloadProjects\CloudCompare-master\qCC\ccTracePolylineTool.cpp">
      <Filter>Source Files</Filter>
    </ClCompile>
    <ClCompile Include="E:\Projects\DownloadProjects\CloudCompare-master\qCC\ccUnrollDlg.cpp">
      <Filter>Source Files</Filter>
    </ClCompile>
    <ClCompile Include="E:\Projects\DownloadProjects\CloudCompare-master\qCC\ccUtils.cpp">
      <Filter>Source Files</Filter>
    </ClCompile>
    <ClCompile Include="E:\Projects\DownloadProjects\CloudCompare-master\qCC\ccVolumeCalcTool.cpp">
      <Filter>Source Files</Filter>
    </ClCompile>
    <ClCompile Include="E:\Projects\DownloadProjects\CloudCompare-master\qCC\ccWaveformDialog.cpp">
      <Filter>Source Files</Filter>
    </ClCompile>
    <ClCompile Include="E:\Projects\DownloadProjects\CloudCompare-master\qCC\main.cpp">
      <Filter>Source Files</Filter>
    </ClCompile>
    <ClCompile Include="E:\Projects\DownloadProjects\CloudCompare-master\qCC\mainwindow.cpp">
      <Filter>Source Files</Filter>
    </ClCompile>
    <ClCompile Include="E:\Projects\DownloadProjects\CloudCompare-master\qCC\db_tree\ccDBRoot.cpp">
      <Filter>Source Files</Filter>
    </ClCompile>
    <ClCompile Include="E:\Projects\DownloadProjects\CloudCompare-master\qCC\db_tree\ccPropertiesTreeDelegate.cpp">
      <Filter>Source Files</Filter>
    </ClCompile>
    <ClCompile Include="E:\Projects\DownloadProjects\CloudCompare-master\qCC\db_tree\matrixDisplayDlg.cpp">
      <Filter>Source Files</Filter>
    </ClCompile>
    <ClCompile Include="E:\Projects\DownloadProjects\CloudCompare-master\qCC\db_tree\sfEditDlg.cpp">
      <Filter>Source Files</Filter>
    </ClCompile>
    <ClCompile Include="E:\Projects\DownloadProjects\CloudCompare-master\qCC\pluginManager\ccPluginInfoDlg.cpp">
      <Filter>Source Files</Filter>
    </ClCompile>
    <ClCompile Include="E:\Projects\DownloadProjects\CloudCompare-master\qCC\pluginManager\ccPluginUIManager.cpp">
      <Filter>Source Files</Filter>
    </ClCompile>
    <ClCompile Include="E:\Projects\DownloadProjects\CloudCompare-master\build\qCC\qrc_icons.cpp">
      <Filter>Source Files</Filter>
    </ClCompile>
    <ClCompile Include="E:\Projects\DownloadProjects\CloudCompare-master\build\qCC\qrc_pluginManager.cpp">
      <Filter>Source Files</Filter>
    </ClCompile>
  </ItemGroup>
  <ItemGroup>
    <ClInclude Include="E:\Projects\DownloadProjects\CloudCompare-master\qCC\cc2.5DimEditor.h">
      <Filter>Header Files</Filter>
    </ClInclude>
    <ClInclude Include="E:\Projects\DownloadProjects\CloudCompare-master\qCC\ccAboutDialog.h">
      <Filter>Header Files</Filter>
    </ClInclude>
    <ClInclude Include="E:\Projects\DownloadProjects\CloudCompare-master\qCC\ccAdjustZoomDlg.h">
      <Filter>Header Files</Filter>
    </ClInclude>
    <ClInclude Include="E:\Projects\DownloadProjects\CloudCompare-master\qCC\ccAlignDlg.h">
      <Filter>Header Files</Filter>
    </ClInclude>
    <ClInclude Include="E:\Projects\DownloadProjects\CloudCompare-master\qCC\ccApplication.h">
      <Filter>Header Files</Filter>
    </ClInclude>
    <ClInclude Include="E:\Projects\DownloadProjects\CloudCompare-master\qCC\ccApplyTransformationDlg.h">
      <Filter>Header Files</Filter>
    </ClInclude>
    <ClInclude Include="E:\Projects\DownloadProjects\CloudCompare-master\qCC\ccAskThreeDoubleValuesDlg.h">
      <Filter>Header Files</Filter>
    </ClInclude>
    <ClInclude Include="E:\Projects\DownloadProjects\CloudCompare-master\qCC\ccAskTwoDoubleValuesDlg.h">
      <Filter>Header Files</Filter>
    </ClInclude>
    <ClInclude Include="E:\Projects\DownloadProjects\CloudCompare-master\qCC\ccBoundingBoxEditorDlg.h">
      <Filter>Header Files</Filter>
    </ClInclude>
    <ClInclude Include="E:\Projects\DownloadProjects\CloudCompare-master\qCC\ccCamSensorProjectionDlg.h">
      <Filter>Header Files</Filter>
    </ClInclude>
    <ClInclude Include="E:\Projects\DownloadProjects\CloudCompare-master\qCC\ccClippingBoxRepeatDlg.h">
      <Filter>Header Files</Filter>
    </ClInclude>
    <ClInclude Include="E:\Projects\DownloadProjects\CloudCompare-master\qCC\ccClippingBoxTool.h">
      <Filter>Header Files</Filter>
    </ClInclude>
    <ClInclude Include="E:\Projects\DownloadProjects\CloudCompare-master\qCC\ccColorFromScalarDlg.h">
      <Filter>Header Files</Filter>
    </ClInclude>
    <ClInclude Include="E:\Projects\DownloadProjects\CloudCompare-master\qCC\ccColorGradientDlg.h">
      <Filter>Header Files</Filter>
    </ClInclude>
    <ClInclude Include="E:\Projects\DownloadProjects\CloudCompare-master\qCC\ccColorLevelsDlg.h">
      <Filter>Header Files</Filter>
    </ClInclude>
    <ClInclude Include="E:\Projects\DownloadProjects\CloudCompare-master\qCC\ccCommandCrossSection.h">
      <Filter>Header Files</Filter>
    </ClInclude>
    <ClInclude Include="E:\Projects\DownloadProjects\CloudCompare-master\qCC\ccCommandLineCommands.h">
      <Filter>Header Files</Filter>
    </ClInclude>
    <ClInclude Include="E:\Projects\DownloadProjects\CloudCompare-master\qCC\ccCommandLineParser.h">
      <Filter>Header Files</Filter>
    </ClInclude>
    <ClInclude Include="E:\Projects\DownloadProjects\CloudCompare-master\qCC\ccCommandRaster.h">
      <Filter>Header Files</Filter>
    </ClInclude>
    <ClInclude Include="E:\Projects\DownloadProjects\CloudCompare-master\qCC\ccCommon.h">
      <Filter>Header Files</Filter>
    </ClInclude>
    <ClInclude Include="E:\Projects\DownloadProjects\CloudCompare-master\qCC\ccComparisonDlg.h">
      <Filter>Header Files</Filter>
    </ClInclude>
    <ClInclude Include="E:\Projects\DownloadProjects\CloudCompare-master\qCC\ccComputeOctreeDlg.h">
      <Filter>Header Files</Filter>
    </ClInclude>
    <ClInclude Include="E:\Projects\DownloadProjects\CloudCompare-master\qCC\ccConsole.h">
      <Filter>Header Files</Filter>
    </ClInclude>
    <ClInclude Include="E:\Projects\DownloadProjects\CloudCompare-master\qCC\ccContourLinesGenerator.h">
      <Filter>Header Files</Filter>
    </ClInclude>
    <ClInclude Include="E:\Projects\DownloadProjects\CloudCompare-master\qCC\ccCropTool.h">
      <Filter>Header Files</Filter>
    </ClInclude>
    <ClInclude Include="E:\Projects\DownloadProjects\CloudCompare-master\qCC\ccCustomDoubleValidator.h">
      <Filter>Header Files</Filter>
    </ClInclude>
    <ClInclude Include="E:\Projects\DownloadProjects\CloudCompare-master\qCC\ccEntityAction.h">
      <Filter>Header Files</Filter>
    </ClInclude>
    <ClInclude Include="E:\Projects\DownloadProjects\CloudCompare-master\qCC\ccEntitySelectionDlg.h">
      <Filter>Header Files</Filter>
    </ClInclude>
    <ClInclude Include="E:\Projects\DownloadProjects\CloudCompare-master\qCC\ccEnvelopeExtractor.h">
      <Filter>Header Files</Filter>
    </ClInclude>
    <ClInclude Include="E:\Projects\DownloadProjects\CloudCompare-master\qCC\ccEnvelopeExtractorDlg.h">
      <Filter>Header Files</Filter>
    </ClInclude>
    <ClInclude Include="E:\Projects\DownloadProjects\CloudCompare-master\qCC\ccExportCoordToSFDlg.h">
      <Filter>Header Files</Filter>
    </ClInclude>
    <ClInclude Include="E:\Projects\DownloadProjects\CloudCompare-master\qCC\ccFilterByValueDlg.h">
      <Filter>Header Files</Filter>
    </ClInclude>
    <ClInclude Include="E:\Projects\DownloadProjects\CloudCompare-master\qCC\ccGBLSensorProjectionDlg.h">
      <Filter>Header Files</Filter>
    </ClInclude>
    <ClInclude Include="E:\Projects\DownloadProjects\CloudCompare-master\qCC\ccGeomFeaturesDlg.h">
      <Filter>Header Files</Filter>
    </ClInclude>
    <ClInclude Include="E:\Projects\DownloadProjects\CloudCompare-master\qCC\ccGraphicalSegmentationTool.h">
      <Filter>Header Files</Filter>
    </ClInclude>
    <ClInclude Include="E:\Projects\DownloadProjects\CloudCompare-master\qCC\ccGraphicalTransformationTool.h">
      <Filter>Header Files</Filter>
    </ClInclude>
    <ClInclude Include="E:\Projects\DownloadProjects\CloudCompare-master\qCC\ccHistogramWindow.h">
      <Filter>Header Files</Filter>
    </ClInclude>
    <ClInclude Include="E:\Projects\DownloadProjects\CloudCompare-master\qCC\ccInnerRect2DFinder.h">
      <Filter>Header Files</Filter>
    </ClInclude>
    <ClInclude Include="E:\Projects\DownloadProjects\CloudCompare-master\qCC\ccInterpolationDlg.h">
      <Filter>Header Files</Filter>
    </ClInclude>
    <ClInclude Include="E:\Projects\DownloadProjects\CloudCompare-master\qCC\ccIsolines.h">
      <Filter>Header Files</Filter>
    </ClInclude>
    <ClInclude Include="E:\Projects\DownloadProjects\CloudCompare-master\qCC\ccItemSelectionDlg.h">
      <Filter>Header Files</Filter>
    </ClInclude>
    <ClInclude Include="E:\Projects\DownloadProjects\CloudCompare-master\qCC\ccLabelingDlg.h">
      <Filter>Header Files</Filter>
    </ClInclude>
    <ClInclude Include="E:\Projects\DownloadProjects\CloudCompare-master\qCC\ccLibAlgorithms.h">
      <Filter>Header Files</Filter>
    </ClInclude>
    <ClInclude Include="E:\Projects\DownloadProjects\CloudCompare-master\qCC\ccMatchScalesDlg.h">
      <Filter>Header Files</Filter>
    </ClInclude>
    <ClInclude Include="E:\Projects\DownloadProjects\CloudCompare-master\qCC\ccNoiseFilterDlg.h">
      <Filter>Header Files</Filter>
    </ClInclude>
    <ClInclude Include="E:\Projects\DownloadProjects\CloudCompare-master\qCC\ccNormalComputationDlg.h">
      <Filter>Header Files</Filter>
    </ClInclude>
    <ClInclude Include="E:\Projects\DownloadProjects\CloudCompare-master\qCC\ccOrderChoiceDlg.h">
      <Filter>Header Files</Filter>
    </ClInclude>
    <ClInclude Include="E:\Projects\DownloadProjects\CloudCompare-master\qCC\ccOrthoSectionGenerationDlg.h">
      <Filter>Header Files</Filter>
    </ClInclude>
    <ClInclude Include="E:\Projects\DownloadProjects\CloudCompare-master\qCC\ccPlaneEditDlg.h">
      <Filter>Header Files</Filter>
    </ClInclude>
    <ClInclude Include="E:\Projects\DownloadProjects\CloudCompare-master\qCC\ccPointListPickingDlg.h">
      <Filter>Header Files</Filter>
    </ClInclude>
    <ClInclude Include="E:\Projects\DownloadProjects\CloudCompare-master\qCC\ccPointPairRegistrationDlg.h">
      <Filter>Header Files</Filter>
    </ClInclude>
    <ClInclude Include="E:\Projects\DownloadProjects\CloudCompare-master\qCC\ccPointPickingGenericInterface.h">
      <Filter>Header Files</Filter>
    </ClInclude>
    <ClInclude Include="E:\Projects\DownloadProjects\CloudCompare-master\qCC\ccPointPropertiesDlg.h">
      <Filter>Header Files</Filter>
    </ClInclude>
    <ClInclude Include="E:\Projects\DownloadProjects\CloudCompare-master\qCC\ccPrimitiveDistanceDlg.h">
      <Filter>Header Files</Filter>
    </ClInclude>
    <ClInclude Include="E:\Projects\DownloadProjects\CloudCompare-master\qCC\ccPrimitiveFactoryDlg.h">
      <Filter>Header Files</Filter>
    </ClInclude>
    <ClInclude Include="E:\Projects\DownloadProjects\CloudCompare-master\qCC\ccPtsSamplingDlg.h">
      <Filter>Header Files</Filter>
    </ClInclude>
    <ClInclude Include="E:\Projects\DownloadProjects\CloudCompare-master\qCC\ccQCustomPlot.h">
      <Filter>Header Files</Filter>
    </ClInclude>
    <ClInclude Include="E:\Projects\DownloadProjects\CloudCompare-master\qCC\ccRasterizeTool.h">
      <Filter>Header Files</Filter>
    </ClInclude>
    <ClInclude Include="E:\Projects\DownloadProjects\CloudCompare-master\qCC\ccRecentFiles.h">
      <Filter>Header Files</Filter>
    </ClInclude>
    <ClInclude Include="E:\Projects\DownloadProjects\CloudCompare-master\qCC\ccRegistrationDlg.h">
      <Filter>Header Files</Filter>
    </ClInclude>
    <ClInclude Include="E:\Projects\DownloadProjects\CloudCompare-master\qCC\ccRegistrationTools.h">
      <Filter>Header Files</Filter>
    </ClInclude>
    <ClInclude Include="E:\Projects\DownloadProjects\CloudCompare-master\qCC\ccReservedIDs.h">
      <Filter>Header Files</Filter>
    </ClInclude>
    <ClInclude Include="E:\Projects\DownloadProjects\CloudCompare-master\qCC\ccSORFilterDlg.h">
      <Filter>Header Files</Filter>
    </ClInclude>
    <ClInclude Include="E:\Projects\DownloadProjects\CloudCompare-master\qCC\ccScalarFieldArithmeticsDlg.h">
      <Filter>Header Files</Filter>
    </ClInclude>
    <ClInclude Include="E:\Projects\DownloadProjects\CloudCompare-master\qCC\ccScalarFieldFromColorDlg.h">
      <Filter>Header Files</Filter>
    </ClInclude>
    <ClInclude Include="E:\Projects\DownloadProjects\CloudCompare-master\qCC\ccScaleDlg.h">
      <Filter>Header Files</Filter>
    </ClInclude>
    <ClInclude Include="E:\Projects\DownloadProjects\CloudCompare-master\qCC\ccSectionExtractionSubDlg.h">
      <Filter>Header Files</Filter>
    </ClInclude>
    <ClInclude Include="E:\Projects\DownloadProjects\CloudCompare-master\qCC\ccSectionExtractionTool.h">
      <Filter>Header Files</Filter>
    </ClInclude>
    <ClInclude Include="E:\Projects\DownloadProjects\CloudCompare-master\qCC\ccSelectChildrenDlg.h">
      <Filter>Header Files</Filter>
    </ClInclude>
    <ClInclude Include="E:\Projects\DownloadProjects\CloudCompare-master\qCC\ccSensorComputeDistancesDlg.h">
      <Filter>Header Files</Filter>
    </ClInclude>
    <ClInclude Include="E:\Projects\DownloadProjects\CloudCompare-master\qCC\ccSensorComputeScatteringAnglesDlg.h">
      <Filter>Header Files</Filter>
    </ClInclude>
    <ClInclude Include="E:\Projects\DownloadProjects\CloudCompare-master\qCC\ccSmoothPolylineDlg.h">
      <Filter>Header Files</Filter>
    </ClInclude>
    <ClInclude Include="E:\Projects\DownloadProjects\CloudCompare-master\qCC\ccStatisticalTestDlg.h">
      <Filter>Header Files</Filter>
    </ClInclude>
    <ClInclude Include="E:\Projects\DownloadProjects\CloudCompare-master\qCC\ccSubsamplingDlg.h">
      <Filter>Header Files</Filter>
    </ClInclude>
    <ClInclude Include="E:\Projects\DownloadProjects\CloudCompare-master\qCC\ccTracePolylineTool.h">
      <Filter>Header Files</Filter>
    </ClInclude>
    <ClInclude Include="E:\Projects\DownloadProjects\CloudCompare-master\qCC\ccUnrollDlg.h">
      <Filter>Header Files</Filter>
    </ClInclude>
    <ClInclude Include="E:\Projects\DownloadProjects\CloudCompare-master\qCC\ccUtils.h">
      <Filter>Header Files</Filter>
    </ClInclude>
    <ClInclude Include="E:\Projects\DownloadProjects\CloudCompare-master\qCC\ccVolumeCalcTool.h">
      <Filter>Header Files</Filter>
    </ClInclude>
    <ClInclude Include="E:\Projects\DownloadProjects\CloudCompare-master\qCC\ccWaveformDialog.h">
      <Filter>Header Files</Filter>
    </ClInclude>
    <ClInclude Include="E:\Projects\DownloadProjects\CloudCompare-master\qCC\mainwindow.h">
      <Filter>Header Files</Filter>
    </ClInclude>
    <ClInclude Include="E:\Projects\DownloadProjects\CloudCompare-master\qCC\db_tree\ccDBRoot.h">
      <Filter>Header Files</Filter>
    </ClInclude>
    <ClInclude Include="E:\Projects\DownloadProjects\CloudCompare-master\qCC\db_tree\ccPropertiesTreeDelegate.h">
      <Filter>Header Files</Filter>
    </ClInclude>
    <ClInclude Include="E:\Projects\DownloadProjects\CloudCompare-master\qCC\db_tree\matrixDisplayDlg.h">
      <Filter>Header Files</Filter>
    </ClInclude>
    <ClInclude Include="E:\Projects\DownloadProjects\CloudCompare-master\qCC\db_tree\sfEditDlg.h">
      <Filter>Header Files</Filter>
    </ClInclude>
    <ClInclude Include="E:\Projects\DownloadProjects\CloudCompare-master\qCC\pluginManager\ccPluginInfoDlg.h">
      <Filter>Header Files</Filter>
    </ClInclude>
    <ClInclude Include="E:\Projects\DownloadProjects\CloudCompare-master\qCC\pluginManager\ccPluginUIManager.h">
      <Filter>Header Files</Filter>
    </ClInclude>
    <ClInclude Include="E:\Projects\DownloadProjects\CloudCompare-master\build\qCC\ui_aboutDlg.h">
      <Filter>Header Files</Filter>
    </ClInclude>
    <ClInclude Include="E:\Projects\DownloadProjects\CloudCompare-master\build\qCC\ui_adjustZoomDlg.h">
      <Filter>Header Files</Filter>
    </ClInclude>
    <ClInclude Include="E:\Projects\DownloadProjects\CloudCompare-master\build\qCC\ui_alignDlg.h">
      <Filter>Header Files</Filter>
    </ClInclude>
    <ClInclude Include="E:\Projects\DownloadProjects\CloudCompare-master\build\qCC\ui_applyTransformationDlg.h">
      <Filter>Header Files</Filter>
    </ClInclude>
    <ClInclude Include="E:\Projects\DownloadProjects\CloudCompare-master\build\qCC\ui_askOneDoubleValueDlg.h">
      <Filter>Header Files</Filter>
    </ClInclude>
    <ClInclude Include="E:\Projects\DownloadProjects\CloudCompare-master\build\qCC\ui_askOneIntValueDlg.h">
      <Filter>Header Files</Filter>
    </ClInclude>
    <ClInclude Include="E:\Projects\DownloadProjects\CloudCompare-master\build\qCC\ui_askOneStringDlg.h">
      <Filter>Header Files</Filter>
    </ClInclude>
    <ClInclude Include="E:\Projects\DownloadProjects\CloudCompare-master\build\qCC\ui_askThreeDoubleValuesDlg.h">
      <Filter>Header Files</Filter>
    </ClInclude>
    <ClInclude Include="E:\Projects\DownloadProjects\CloudCompare-master\build\qCC\ui_askTwoDoubleValuesDlg.h">
      <Filter>Header Files</Filter>
    </ClInclude>
    <ClInclude Include="E:\Projects\DownloadProjects\CloudCompare-master\build\qCC\ui_boundingBoxEditorDlg.h">
      <Filter>Header Files</Filter>
    </ClInclude>
    <ClInclude Include="E:\Projects\DownloadProjects\CloudCompare-master\build\qCC\ui_camSensorProjectDlg.h">
      <Filter>Header Files</Filter>
    </ClInclude>
    <ClInclude Include="E:\Projects\DownloadProjects\CloudCompare-master\build\qCC\ui_clippingBoxDlg.h">
      <Filter>Header Files</Filter>
    </ClInclude>
    <ClInclude Include="E:\Projects\DownloadProjects\CloudCompare-master\build\qCC\ui_clippingBoxRepeatDlg.h">
      <Filter>Header Files</Filter>
    </ClInclude>
    <ClInclude Include="E:\Projects\DownloadProjects\CloudCompare-master\build\qCC\ui_colorFromScalarDlg.h">
      <Filter>Header Files</Filter>
    </ClInclude>
    <ClInclude Include="E:\Projects\DownloadProjects\CloudCompare-master\build\qCC\ui_colorGradientDlg.h">
      <Filter>Header Files</Filter>
    </ClInclude>
    <ClInclude Include="E:\Projects\DownloadProjects\CloudCompare-master\build\qCC\ui_colorLevelsDlg.h">
      <Filter>Header Files</Filter>
    </ClInclude>
    <ClInclude Include="E:\Projects\DownloadProjects\CloudCompare-master\build\qCC\ui_commandLineDlg.h">
      <Filter>Header Files</Filter>
    </ClInclude>
    <ClInclude Include="E:\Projects\DownloadProjects\CloudCompare-master\build\qCC\ui_comparisonDlg.h">
      <Filter>Header Files</Filter>
    </ClInclude>
    <ClInclude Include="E:\Projects\DownloadProjects\CloudCompare-master\build\qCC\ui_computeOctreeDlg.h">
      <Filter>Header Files</Filter>
    </ClInclude>
    <ClInclude Include="E:\Projects\DownloadProjects\CloudCompare-master\build\qCC\ui_dipDirTransformationDlg.h">
      <Filter>Header Files</Filter>
    </ClInclude>
    <ClInclude Include="E:\Projects\DownloadProjects\CloudCompare-master\build\qCC\ui_distanceMapDlg.h">
      <Filter>Header Files</Filter>
    </ClInclude>
    <ClInclude Include="E:\Projects\DownloadProjects\CloudCompare-master\build\qCC\ui_entitySelectionDlg.h">
      <Filter>Header Files</Filter>
    </ClInclude>
    <ClInclude Include="E:\Projects\DownloadProjects\CloudCompare-master\build\qCC\ui_envelopeExtractorDlg.h">
      <Filter>Header Files</Filter>
    </ClInclude>
    <ClInclude Include="E:\Projects\DownloadProjects\CloudCompare-master\build\qCC\ui_exportCoordToSFDlg.h">
      <Filter>Header Files</Filter>
    </ClInclude>
    <ClInclude Include="E:\Projects\DownloadProjects\CloudCompare-master\build\qCC\ui_filterByValueDlg.h">
      <Filter>Header Files</Filter>
    </ClInclude>
    <ClInclude Include="E:\Projects\DownloadProjects\CloudCompare-master\build\qCC\ui_gblSensorProjectDlg.h">
      <Filter>Header Files</Filter>
    </ClInclude>
    <ClInclude Include="E:\Projects\DownloadProjects\CloudCompare-master\build\qCC\ui_geomFeaturesDlg.h">
      <Filter>Header Files</Filter>
    </ClInclude>
    <ClInclude Include="E:\Projects\DownloadProjects\CloudCompare-master\build\qCC\ui_globalShiftSettingsDlg.h">
      <Filter>Header Files</Filter>
    </ClInclude>
    <ClInclude Include="E:\Projects\DownloadProjects\CloudCompare-master\build\qCC\ui_graphicalSegmentationDlg.h">
      <Filter>Header Files</Filter>
    </ClInclude>
    <ClInclude Include="E:\Projects\DownloadProjects\CloudCompare-master\build\qCC\ui_graphicalTransformationDlg.h">
      <Filter>Header Files</Filter>
    </ClInclude>
    <ClInclude Include="E:\Projects\DownloadProjects\CloudCompare-master\build\qCC\ui_heightGridGenerationDlg.h">
      <Filter>Header Files</Filter>
    </ClInclude>
    <ClInclude Include="E:\Projects\DownloadProjects\CloudCompare-master\build\qCC\ui_histogramDlg.h">
      <Filter>Header Files</Filter>
    </ClInclude>
    <ClInclude Include="E:\Projects\DownloadProjects\CloudCompare-master\build\qCC\ui_interpolationDlg.h">
      <Filter>Header Files</Filter>
    </ClInclude>
    <ClInclude Include="E:\Projects\DownloadProjects\CloudCompare-master\build\qCC\ui_itemSelectionDlg.h">
      <Filter>Header Files</Filter>
    </ClInclude>
    <ClInclude Include="E:\Projects\DownloadProjects\CloudCompare-master\build\qCC\ui_labelingDlg.h">
      <Filter>Header Files</Filter>
    </ClInclude>
    <ClInclude Include="E:\Projects\DownloadProjects\CloudCompare-master\build\qCC\ui_mainWindow.h">
      <Filter>Header Files</Filter>
    </ClInclude>
    <ClInclude Include="E:\Projects\DownloadProjects\CloudCompare-master\build\qCC\ui_matchScalesDlg.h">
      <Filter>Header Files</Filter>
    </ClInclude>
    <ClInclude Include="E:\Projects\DownloadProjects\CloudCompare-master\build\qCC\ui_matrixDisplayDlg.h">
      <Filter>Header Files</Filter>
    </ClInclude>
    <ClInclude Include="E:\Projects\DownloadProjects\CloudCompare-master\build\qCC\ui_noiseFilterDlg.h">
      <Filter>Header Files</Filter>
    </ClInclude>
    <ClInclude Include="E:\Projects\DownloadProjects\CloudCompare-master\build\qCC\ui_normalComputationDlg.h">
      <Filter>Header Files</Filter>
    </ClInclude>
    <ClInclude Include="E:\Projects\DownloadProjects\CloudCompare-master\build\qCC\ui_orthoSectionGenerationDlg.h">
      <Filter>Header Files</Filter>
    </ClInclude>
    <ClInclude Include="E:\Projects\DownloadProjects\CloudCompare-master\build\qCC\ui_planeEditDlg.h">
      <Filter>Header Files</Filter>
    </ClInclude>
    <ClInclude Include="E:\Projects\DownloadProjects\CloudCompare-master\build\qCC\ui_pointListPickingDlg.h">
      <Filter>Header Files</Filter>
    </ClInclude>
    <ClInclude Include="E:\Projects\DownloadProjects\CloudCompare-master\build\qCC\ui_pointPairRegistrationDlg.h">
      <Filter>Header Files</Filter>
    </ClInclude>
    <ClInclude Include="E:\Projects\DownloadProjects\CloudCompare-master\build\qCC\ui_pointPropertiesDlg.h">
      <Filter>Header Files</Filter>
    </ClInclude>
    <ClInclude Include="E:\Projects\DownloadProjects\CloudCompare-master\build\qCC\ui_primitiveDistanceDlg.h">
      <Filter>Header Files</Filter>
    </ClInclude>
    <ClInclude Include="E:\Projects\DownloadProjects\CloudCompare-master\build\qCC\ui_primitiveFactoryDlg.h">
      <Filter>Header Files</Filter>
    </ClInclude>
    <ClInclude Include="E:\Projects\DownloadProjects\CloudCompare-master\build\qCC\ui_ptsSamplingDlg.h">
      <Filter>Header Files</Filter>
    </ClInclude>
    <ClInclude Include="E:\Projects\DownloadProjects\CloudCompare-master\build\qCC\ui_rasterExportOptionsDlg.h">
      <Filter>Header Files</Filter>
    </ClInclude>
    <ClInclude Include="E:\Projects\DownloadProjects\CloudCompare-master\build\qCC\ui_rasterizeDlg.h">
      <Filter>Header Files</Filter>
    </ClInclude>
    <ClInclude Include="E:\Projects\DownloadProjects\CloudCompare-master\build\qCC\ui_registrationDlg.h">
      <Filter>Header Files</Filter>
    </ClInclude>
    <ClInclude Include="E:\Projects\DownloadProjects\CloudCompare-master\build\qCC\ui_roleChoiceDlg.h">
      <Filter>Header Files</Filter>
    </ClInclude>
    <ClInclude Include="E:\Projects\DownloadProjects\CloudCompare-master\build\qCC\ui_scalarFieldFromColorDlg.h">
      <Filter>Header Files</Filter>
    </ClInclude>
    <ClInclude Include="E:\Projects\DownloadProjects\CloudCompare-master\build\qCC\ui_scaleDlg.h">
      <Filter>Header Files</Filter>
    </ClInclude>
    <ClInclude Include="E:\Projects\DownloadProjects\CloudCompare-master\build\qCC\ui_sectionExtractionDlg.h">
      <Filter>Header Files</Filter>
    </ClInclude>
    <ClInclude Include="E:\Projects\DownloadProjects\CloudCompare-master\build\qCC\ui_sectionExtractionSubDlg.h">
      <Filter>Header Files</Filter>
    </ClInclude>
    <ClInclude Include="E:\Projects\DownloadProjects\CloudCompare-master\build\qCC\ui_selectChildrenDlg.h">
      <Filter>Header Files</Filter>
    </ClInclude>
    <ClInclude Include="E:\Projects\DownloadProjects\CloudCompare-master\build\qCC\ui_sensorComputeDistancesDlg.h">
      <Filter>Header Files</Filter>
    </ClInclude>
    <ClInclude Include="E:\Projects\DownloadProjects\CloudCompare-master\build\qCC\ui_sensorComputeScatteringAnglesDlg.h">
      <Filter>Header Files</Filter>
    </ClInclude>
    <ClInclude Include="E:\Projects\DownloadProjects\CloudCompare-master\build\qCC\ui_sfArithmeticsDlg.h">
      <Filter>Header Files</Filter>
    </ClInclude>
    <ClInclude Include="E:\Projects\DownloadProjects\CloudCompare-master\build\qCC\ui_sfEditDlg.h">
      <Filter>Header Files</Filter>
    </ClInclude>
    <ClInclude Include="E:\Projects\DownloadProjects\CloudCompare-master\build\qCC\ui_smoothPolylineDlg.h">
      <Filter>Header Files</Filter>
    </ClInclude>
    <ClInclude Include="E:\Projects\DownloadProjects\CloudCompare-master\build\qCC\ui_sorFilterDlg.h">
      <Filter>Header Files</Filter>
    </ClInclude>
    <ClInclude Include="E:\Projects\DownloadProjects\CloudCompare-master\build\qCC\ui_statisticalTestDlg.h">
      <Filter>Header Files</Filter>
    </ClInclude>
    <ClInclude Include="E:\Projects\DownloadProjects\CloudCompare-master\build\qCC\ui_subsamplingDlg.h">
      <Filter>Header Files</Filter>
    </ClInclude>
    <ClInclude Include="E:\Projects\DownloadProjects\CloudCompare-master\build\qCC\ui_tracePolylineDlg.h">
      <Filter>Header Files</Filter>
    </ClInclude>
    <ClInclude Include="E:\Projects\DownloadProjects\CloudCompare-master\build\qCC\ui_unrollDlg.h">
      <Filter>Header Files</Filter>
    </ClInclude>
    <ClInclude Include="E:\Projects\DownloadProjects\CloudCompare-master\build\qCC\ui_volumeCalcDlg.h">
      <Filter>Header Files</Filter>
    </ClInclude>
    <ClInclude Include="E:\Projects\DownloadProjects\CloudCompare-master\build\qCC\ui_waveDlg.h">
      <Filter>Header Files</Filter>
    </ClInclude>
    <ClInclude Include="E:\Projects\DownloadProjects\CloudCompare-master\build\qCC\ui_ccPluginInfoDlg.h">
      <Filter>Header Files</Filter>
    </ClInclude>
  </ItemGroup>
  <ItemGroup>
    <CustomBuild Include="E:\Projects\DownloadProjects\CloudCompare-master\qCC\ui_templates\aboutDlg.ui" />
    <CustomBuild Include="E:\Projects\DownloadProjects\CloudCompare-master\qCC\ui_templates\adjustZoomDlg.ui" />
    <CustomBuild Include="E:\Projects\DownloadProjects\CloudCompare-master\qCC\ui_templates\alignDlg.ui" />
    <CustomBuild Include="E:\Projects\DownloadProjects\CloudCompare-master\qCC\ui_templates\applyTransformationDlg.ui" />
    <CustomBuild Include="E:\Projects\DownloadProjects\CloudCompare-master\qCC\ui_templates\askOneDoubleValueDlg.ui" />
    <CustomBuild Include="E:\Projects\DownloadProjects\CloudCompare-master\qCC\ui_templates\askOneIntValueDlg.ui" />
    <CustomBuild Include="E:\Projects\DownloadProjects\CloudCompare-master\qCC\ui_templates\askOneStringDlg.ui" />
    <CustomBuild Include="E:\Projects\DownloadProjects\CloudCompare-master\qCC\ui_templates\askThreeDoubleValuesDlg.ui" />
    <CustomBuild Include="E:\Projects\DownloadProjects\CloudCompare-master\qCC\ui_templates\askTwoDoubleValuesDlg.ui" />
    <CustomBuild Include="E:\Projects\DownloadProjects\CloudCompare-master\qCC\ui_templates\boundingBoxEditorDlg.ui" />
    <CustomBuild Include="E:\Projects\DownloadProjects\CloudCompare-master\qCC\ui_templates\camSensorProjectDlg.ui" />
    <CustomBuild Include="E:\Projects\DownloadProjects\CloudCompare-master\qCC\ui_templates\clippingBoxDlg.ui" />
    <CustomBuild Include="E:\Projects\DownloadProjects\CloudCompare-master\qCC\ui_templates\clippingBoxRepeatDlg.ui" />
    <CustomBuild Include="E:\Projects\DownloadProjects\CloudCompare-master\qCC\ui_templates\colorFromScalarDlg.ui" />
    <CustomBuild Include="E:\Projects\DownloadProjects\CloudCompare-master\qCC\ui_templates\colorGradientDlg.ui" />
    <CustomBuild Include="E:\Projects\DownloadProjects\CloudCompare-master\qCC\ui_templates\colorLevelsDlg.ui" />
    <CustomBuild Include="E:\Projects\DownloadProjects\CloudCompare-master\qCC\ui_templates\commandLineDlg.ui" />
    <CustomBuild Include="E:\Projects\DownloadProjects\CloudCompare-master\qCC\ui_templates\comparisonDlg.ui" />
    <CustomBuild Include="E:\Projects\DownloadProjects\CloudCompare-master\qCC\ui_templates\computeOctreeDlg.ui" />
    <CustomBuild Include="E:\Projects\DownloadProjects\CloudCompare-master\qCC\ui_templates\dipDirTransformationDlg.ui" />
    <CustomBuild Include="E:\Projects\DownloadProjects\CloudCompare-master\qCC\ui_templates\distanceMapDlg.ui" />
    <CustomBuild Include="E:\Projects\DownloadProjects\CloudCompare-master\qCC\ui_templates\entitySelectionDlg.ui" />
    <CustomBuild Include="E:\Projects\DownloadProjects\CloudCompare-master\qCC\ui_templates\envelopeExtractorDlg.ui" />
    <CustomBuild Include="E:\Projects\DownloadProjects\CloudCompare-master\qCC\ui_templates\exportCoordToSFDlg.ui" />
    <CustomBuild Include="E:\Projects\DownloadProjects\CloudCompare-master\qCC\ui_templates\filterByValueDlg.ui" />
    <CustomBuild Include="E:\Projects\DownloadProjects\CloudCompare-master\qCC\ui_templates\gblSensorProjectDlg.ui" />
    <CustomBuild Include="E:\Projects\DownloadProjects\CloudCompare-master\qCC\ui_templates\geomFeaturesDlg.ui" />
    <CustomBuild Include="E:\Projects\DownloadProjects\CloudCompare-master\qCC\ui_templates\globalShiftSettingsDlg.ui" />
    <CustomBuild Include="E:\Projects\DownloadProjects\CloudCompare-master\qCC\ui_templates\graphicalSegmentationDlg.ui" />
    <CustomBuild Include="E:\Projects\DownloadProjects\CloudCompare-master\qCC\ui_templates\graphicalTransformationDlg.ui" />
    <CustomBuild Include="E:\Projects\DownloadProjects\CloudCompare-master\qCC\ui_templates\heightGridGenerationDlg.ui" />
    <CustomBuild Include="E:\Projects\DownloadProjects\CloudCompare-master\qCC\ui_templates\histogramDlg.ui" />
    <CustomBuild Include="E:\Projects\DownloadProjects\CloudCompare-master\qCC\ui_templates\interpolationDlg.ui" />
    <CustomBuild Include="E:\Projects\DownloadProjects\CloudCompare-master\qCC\ui_templates\itemSelectionDlg.ui" />
    <CustomBuild Include="E:\Projects\DownloadProjects\CloudCompare-master\qCC\ui_templates\labelingDlg.ui" />
    <CustomBuild Include="E:\Projects\DownloadProjects\CloudCompare-master\qCC\ui_templates\mainWindow.ui" />
    <CustomBuild Include="E:\Projects\DownloadProjects\CloudCompare-master\qCC\ui_templates\matchScalesDlg.ui" />
    <CustomBuild Include="E:\Projects\DownloadProjects\CloudCompare-master\qCC\ui_templates\matrixDisplayDlg.ui" />
    <CustomBuild Include="E:\Projects\DownloadProjects\CloudCompare-master\qCC\ui_templates\noiseFilterDlg.ui" />
    <CustomBuild Include="E:\Projects\DownloadProjects\CloudCompare-master\qCC\ui_templates\normalComputationDlg.ui" />
    <CustomBuild Include="E:\Projects\DownloadProjects\CloudCompare-master\qCC\ui_templates\orthoSectionGenerationDlg.ui" />
    <CustomBuild Include="E:\Projects\DownloadProjects\CloudCompare-master\qCC\ui_templates\planeEditDlg.ui" />
    <CustomBuild Include="E:\Projects\DownloadProjects\CloudCompare-master\qCC\ui_templates\pointListPickingDlg.ui" />
    <CustomBuild Include="E:\Projects\DownloadProjects\CloudCompare-master\qCC\ui_templates\pointPairRegistrationDlg.ui" />
    <CustomBuild Include="E:\Projects\DownloadProjects\CloudCompare-master\qCC\ui_templates\pointPropertiesDlg.ui" />
    <CustomBuild Include="E:\Projects\DownloadProjects\CloudCompare-master\qCC\ui_templates\primitiveDistanceDlg.ui" />
    <CustomBuild Include="E:\Projects\DownloadProjects\CloudCompare-master\qCC\ui_templates\primitiveFactoryDlg.ui" />
    <CustomBuild Include="E:\Projects\DownloadProjects\CloudCompare-master\qCC\ui_templates\ptsSamplingDlg.ui" />
    <CustomBuild Include="E:\Projects\DownloadProjects\CloudCompare-master\qCC\ui_templates\rasterExportOptionsDlg.ui" />
    <CustomBuild Include="E:\Projects\DownloadProjects\CloudCompare-master\qCC\ui_templates\rasterizeDlg.ui" />
    <CustomBuild Include="E:\Projects\DownloadProjects\CloudCompare-master\qCC\ui_templates\registrationDlg.ui" />
    <CustomBuild Include="E:\Projects\DownloadProjects\CloudCompare-master\qCC\ui_templates\roleChoiceDlg.ui" />
    <CustomBuild Include="E:\Projects\DownloadProjects\CloudCompare-master\qCC\ui_templates\scalarFieldFromColorDlg.ui" />
    <CustomBuild Include="E:\Projects\DownloadProjects\CloudCompare-master\qCC\ui_templates\scaleDlg.ui" />
    <CustomBuild Include="E:\Projects\DownloadProjects\CloudCompare-master\qCC\ui_templates\sectionExtractionDlg.ui" />
    <CustomBuild Include="E:\Projects\DownloadProjects\CloudCompare-master\qCC\ui_templates\sectionExtractionSubDlg.ui" />
    <CustomBuild Include="E:\Projects\DownloadProjects\CloudCompare-master\qCC\ui_templates\selectChildrenDlg.ui" />
    <CustomBuild Include="E:\Projects\DownloadProjects\CloudCompare-master\qCC\ui_templates\sensorComputeDistancesDlg.ui" />
    <CustomBuild Include="E:\Projects\DownloadProjects\CloudCompare-master\qCC\ui_templates\sensorComputeScatteringAnglesDlg.ui" />
    <CustomBuild Include="E:\Projects\DownloadProjects\CloudCompare-master\qCC\ui_templates\sfArithmeticsDlg.ui" />
    <CustomBuild Include="E:\Projects\DownloadProjects\CloudCompare-master\qCC\ui_templates\sfEditDlg.ui" />
    <CustomBuild Include="E:\Projects\DownloadProjects\CloudCompare-master\qCC\ui_templates\smoothPolylineDlg.ui" />
    <CustomBuild Include="E:\Projects\DownloadProjects\CloudCompare-master\qCC\ui_templates\sorFilterDlg.ui" />
    <CustomBuild Include="E:\Projects\DownloadProjects\CloudCompare-master\qCC\ui_templates\statisticalTestDlg.ui" />
    <CustomBuild Include="E:\Projects\DownloadProjects\CloudCompare-master\qCC\ui_templates\subsamplingDlg.ui" />
    <CustomBuild Include="E:\Projects\DownloadProjects\CloudCompare-master\qCC\ui_templates\tracePolylineDlg.ui" />
    <CustomBuild Include="E:\Projects\DownloadProjects\CloudCompare-master\qCC\ui_templates\unrollDlg.ui" />
    <CustomBuild Include="E:\Projects\DownloadProjects\CloudCompare-master\qCC\ui_templates\volumeCalcDlg.ui" />
    <CustomBuild Include="E:\Projects\DownloadProjects\CloudCompare-master\qCC\ui_templates\waveDlg.ui" />
    <CustomBuild Include="E:\Projects\DownloadProjects\CloudCompare-master\qCC\pluginManager\ui\ccPluginInfoDlg.ui" />
    <CustomBuild Include="E:\Projects\DownloadProjects\CloudCompare-master\qCC\icons.qrc" />
    <CustomBuild Include="E:\Projects\DownloadProjects\CloudCompare-master\qCC\pluginManager\pluginManager.qrc" />
    <CustomBuild Include="E:\Projects\DownloadProjects\CloudCompare-master\qCC\CMakeLists.txt" />
  </ItemGroup>
  <ItemGroup>
    <Natvis Include="E:\Projects\DownloadProjects\CloudCompare-master\scripts\windows\qt5.natvis" />
  </ItemGroup>
  <ItemGroup>
    <None Include="E:\Projects\DownloadProjects\CloudCompare-master\CHANGELOG.md" />
    <None Include="E:\Projects\DownloadProjects\CloudCompare-master\qCC\TODO.txt" />
  </ItemGroup>
  <ItemGroup>
    <ResourceCompile Include="E:\Projects\DownloadProjects\CloudCompare-master\qCC\images\icon\cc_icon.rc">
      <Filter>Source Files</Filter>
    </ResourceCompile>
  </ItemGroup>
  <ItemGroup>
    <Filter Include="Header Files">
      <UniqueIdentifier>{9FE11829-A663-3D97-9114-0A6F4775E3E4}</UniqueIdentifier>
    </Filter>
    <Filter Include="Source Files">
      <UniqueIdentifier>{2677CB12-8436-3502-9964-3843DB5BD914}</UniqueIdentifier>
    </Filter>
  </ItemGroup>
</Project>
