<?xml version="1.0" encoding="utf-8"?>
<Project ToolsVersion="15.0" xmlns="http://schemas.microsoft.com/developer/msbuild/2003">
  <ItemGroup>
    <ClCompile Include="E:\Projects\DownloadProjects\CloudCompare-master\build\libs\CCFbo\CC_FBO_LIB_autogen\mocs_compilation.cpp">
      <Filter>Source Files</Filter>
    </ClCompile>
    <ClCompile Include="E:\Projects\DownloadProjects\CloudCompare-master\libs\CCFbo\src\ccShader.cpp">
      <Filter>Source Files</Filter>
    </ClCompile>
    <ClCompile Include="E:\Projects\DownloadProjects\CloudCompare-master\libs\CCFbo\src\ccFrameBufferObject.cpp">
      <Filter>Source Files</Filter>
    </ClCompile>
    <ClCompile Include="E:\Projects\DownloadProjects\CloudCompare-master\libs\CCFbo\src\ccBilateralFilter.cpp">
      <Filter>Source Files</Filter>
    </ClCompile>
  </ItemGroup>
  <ItemGroup>
    <ClInclude Include="E:\Projects\DownloadProjects\CloudCompare-master\libs\CCFbo\include\ccBilateralFilter.h">
      <Filter>Header Files</Filter>
    </ClInclude>
    <ClInclude Include="E:\Projects\DownloadProjects\CloudCompare-master\libs\CCFbo\include\CCFbo.h">
      <Filter>Header Files</Filter>
    </ClInclude>
    <ClInclude Include="E:\Projects\DownloadProjects\CloudCompare-master\libs\CCFbo\include\ccFrameBufferObject.h">
      <Filter>Header Files</Filter>
    </ClInclude>
    <ClInclude Include="E:\Projects\DownloadProjects\CloudCompare-master\libs\CCFbo\include\ccGlFilter.h">
      <Filter>Header Files</Filter>
    </ClInclude>
    <ClInclude Include="E:\Projects\DownloadProjects\CloudCompare-master\libs\CCFbo\include\ccShader.h">
      <Filter>Header Files</Filter>
    </ClInclude>
  </ItemGroup>
  <ItemGroup>
    <CustomBuild Include="E:\Projects\DownloadProjects\CloudCompare-master\libs\CCFbo\CMakeLists.txt" />
  </ItemGroup>
  <ItemGroup>
    <Filter Include="Header Files">
      <UniqueIdentifier>{9FE11829-A663-3D97-9114-0A6F4775E3E4}</UniqueIdentifier>
    </Filter>
    <Filter Include="Source Files">
      <UniqueIdentifier>{2677CB12-8436-3502-9964-3843DB5BD914}</UniqueIdentifier>
    </Filter>
  </ItemGroup>
</Project>
