
Microsoft Visual Studio Solution File, Format Version 12.00
# Visual Studio 15
Project("{8BC9CEB8-8B4A-11D0-8D11-00A0C91BC942}") = "ALL_BUILD", "ALL_BUILD.vcxproj", "{5A6A533F-363B-34C2-BF4B-601A469A07A4}"
	ProjectSection(ProjectDependencies) = postProject
		{26CBAA20-A13A-3DC6-98DA-EF0A62BB5DC4} = {26CBAA20-A13A-3DC6-98DA-EF0A62BB5DC4}
		{5A2873B6-733E-3C32-91C7-162677C95F6F} = {5A2873B6-733E-3C32-91C7-162677C95F6F}
	EndProjectSection
EndProject
Project("{8BC9CEB8-8B4A-11D0-8D11-00A0C91BC942}") = "CCCoreLib", "..\qCC_db\extern\CCCoreLib\CCCoreLib.vcxproj", "{CFFA970F-31AF-3E06-8336-2F71346C9F8B}"
	ProjectSection(ProjectDependencies) = postProject
		{5A2873B6-733E-3C32-91C7-162677C95F6F} = {5A2873B6-733E-3C32-91C7-162677C95F6F}
	EndProjectSection
EndProject
Project("{8BC9CEB8-8B4A-11D0-8D11-00A0C91BC942}") = "CCPluginAPI", "CCPluginAPI.vcxproj", "{26CBAA20-A13A-3DC6-98DA-EF0A62BB5DC4}"
	ProjectSection(ProjectDependencies) = postProject
		{CFFA970F-31AF-3E06-8336-2F71346C9F8B} = {CFFA970F-31AF-3E06-8336-2F71346C9F8B}
		{5D628DD9-8F36-30D9-9C65-4083E840E7F0} = {5D628DD9-8F36-30D9-9C65-4083E840E7F0}
		{BC152720-F55D-34DD-B680-5BE47AB59FE0} = {BC152720-F55D-34DD-B680-5BE47AB59FE0}
		{0B859F6E-69DF-32A4-A40C-A1BD9F0C8B7E} = {0B859F6E-69DF-32A4-A40C-A1BD9F0C8B7E}
		{7ECB57FE-6DF5-3439-A703-303E28DC7800} = {7ECB57FE-6DF5-3439-A703-303E28DC7800}
		{5A2873B6-733E-3C32-91C7-162677C95F6F} = {5A2873B6-733E-3C32-91C7-162677C95F6F}
		{B451BB0A-44FD-3DD4-8E50-1AC3F83A537A} = {B451BB0A-44FD-3DD4-8E50-1AC3F83A537A}
		{83FB2782-6124-3D8C-B2D8-B38984D32976} = {83FB2782-6124-3D8C-B2D8-B38984D32976}
	EndProjectSection
EndProject
Project("{8BC9CEB8-8B4A-11D0-8D11-00A0C91BC942}") = "CC_FBO_LIB", "..\CCFbo\CC_FBO_LIB.vcxproj", "{5D628DD9-8F36-30D9-9C65-4083E840E7F0}"
	ProjectSection(ProjectDependencies) = postProject
		{5A2873B6-733E-3C32-91C7-162677C95F6F} = {5A2873B6-733E-3C32-91C7-162677C95F6F}
	EndProjectSection
EndProject
Project("{8BC9CEB8-8B4A-11D0-8D11-00A0C91BC942}") = "INSTALL", "INSTALL.vcxproj", "{22DBCF83-66A4-3FCE-93E7-08D382F44985}"
	ProjectSection(ProjectDependencies) = postProject
		{5A6A533F-363B-34C2-BF4B-601A469A07A4} = {5A6A533F-363B-34C2-BF4B-601A469A07A4}
		{5A2873B6-733E-3C32-91C7-162677C95F6F} = {5A2873B6-733E-3C32-91C7-162677C95F6F}
	EndProjectSection
EndProject
Project("{8BC9CEB8-8B4A-11D0-8D11-00A0C91BC942}") = "QCC_DB_LIB", "..\qCC_db\QCC_DB_LIB.vcxproj", "{BC152720-F55D-34DD-B680-5BE47AB59FE0}"
	ProjectSection(ProjectDependencies) = postProject
		{CFFA970F-31AF-3E06-8336-2F71346C9F8B} = {CFFA970F-31AF-3E06-8336-2F71346C9F8B}
		{5D628DD9-8F36-30D9-9C65-4083E840E7F0} = {5D628DD9-8F36-30D9-9C65-4083E840E7F0}
		{5A2873B6-733E-3C32-91C7-162677C95F6F} = {5A2873B6-733E-3C32-91C7-162677C95F6F}
	EndProjectSection
EndProject
Project("{8BC9CEB8-8B4A-11D0-8D11-00A0C91BC942}") = "QCC_GL_LIB", "..\qCC_glWindow\QCC_GL_LIB.vcxproj", "{0B859F6E-69DF-32A4-A40C-A1BD9F0C8B7E}"
	ProjectSection(ProjectDependencies) = postProject
		{CFFA970F-31AF-3E06-8336-2F71346C9F8B} = {CFFA970F-31AF-3E06-8336-2F71346C9F8B}
		{5D628DD9-8F36-30D9-9C65-4083E840E7F0} = {5D628DD9-8F36-30D9-9C65-4083E840E7F0}
		{BC152720-F55D-34DD-B680-5BE47AB59FE0} = {BC152720-F55D-34DD-B680-5BE47AB59FE0}
		{5A2873B6-733E-3C32-91C7-162677C95F6F} = {5A2873B6-733E-3C32-91C7-162677C95F6F}
	EndProjectSection
EndProject
Project("{8BC9CEB8-8B4A-11D0-8D11-00A0C91BC942}") = "QCC_IO_LIB", "..\qCC_io\QCC_IO_LIB.vcxproj", "{7ECB57FE-6DF5-3439-A703-303E28DC7800}"
	ProjectSection(ProjectDependencies) = postProject
		{CFFA970F-31AF-3E06-8336-2F71346C9F8B} = {CFFA970F-31AF-3E06-8336-2F71346C9F8B}
		{5D628DD9-8F36-30D9-9C65-4083E840E7F0} = {5D628DD9-8F36-30D9-9C65-4083E840E7F0}
		{BC152720-F55D-34DD-B680-5BE47AB59FE0} = {BC152720-F55D-34DD-B680-5BE47AB59FE0}
		{5A2873B6-733E-3C32-91C7-162677C95F6F} = {5A2873B6-733E-3C32-91C7-162677C95F6F}
		{B451BB0A-44FD-3DD4-8E50-1AC3F83A537A} = {B451BB0A-44FD-3DD4-8E50-1AC3F83A537A}
		{83FB2782-6124-3D8C-B2D8-B38984D32976} = {83FB2782-6124-3D8C-B2D8-B38984D32976}
	EndProjectSection
EndProject
Project("{8BC9CEB8-8B4A-11D0-8D11-00A0C91BC942}") = "ZERO_CHECK", "..\..\\ZERO_CHECK.vcxproj", "{5A2873B6-733E-3C32-91C7-162677C95F6F}"
	ProjectSection(ProjectDependencies) = postProject
	EndProjectSection
EndProject
Project("{8BC9CEB8-8B4A-11D0-8D11-00A0C91BC942}") = "dxflib", "..\qCC_io\extern\dxflib\dxflib.vcxproj", "{B451BB0A-44FD-3DD4-8E50-1AC3F83A537A}"
	ProjectSection(ProjectDependencies) = postProject
		{5A2873B6-733E-3C32-91C7-162677C95F6F} = {5A2873B6-733E-3C32-91C7-162677C95F6F}
	EndProjectSection
EndProject
Project("{8BC9CEB8-8B4A-11D0-8D11-00A0C91BC942}") = "shapelib", "..\qCC_io\extern\shapelib\shapelib.vcxproj", "{83FB2782-6124-3D8C-B2D8-B38984D32976}"
	ProjectSection(ProjectDependencies) = postProject
		{5A2873B6-733E-3C32-91C7-162677C95F6F} = {5A2873B6-733E-3C32-91C7-162677C95F6F}
	EndProjectSection
EndProject
Global
	GlobalSection(SolutionConfigurationPlatforms) = preSolution
		Debug|x64 = Debug|x64
		Release|x64 = Release|x64
		MinSizeRel|x64 = MinSizeRel|x64
		RelWithDebInfo|x64 = RelWithDebInfo|x64
	EndGlobalSection
	GlobalSection(ProjectConfigurationPlatforms) = postSolution
		{5A6A533F-363B-34C2-BF4B-601A469A07A4}.Debug|x64.ActiveCfg = Debug|x64
		{5A6A533F-363B-34C2-BF4B-601A469A07A4}.Debug|x64.Build.0 = Debug|x64
		{5A6A533F-363B-34C2-BF4B-601A469A07A4}.Release|x64.ActiveCfg = Release|x64
		{5A6A533F-363B-34C2-BF4B-601A469A07A4}.Release|x64.Build.0 = Release|x64
		{5A6A533F-363B-34C2-BF4B-601A469A07A4}.MinSizeRel|x64.ActiveCfg = MinSizeRel|x64
		{5A6A533F-363B-34C2-BF4B-601A469A07A4}.MinSizeRel|x64.Build.0 = MinSizeRel|x64
		{5A6A533F-363B-34C2-BF4B-601A469A07A4}.RelWithDebInfo|x64.ActiveCfg = RelWithDebInfo|x64
		{5A6A533F-363B-34C2-BF4B-601A469A07A4}.RelWithDebInfo|x64.Build.0 = RelWithDebInfo|x64
		{CFFA970F-31AF-3E06-8336-2F71346C9F8B}.Debug|x64.ActiveCfg = Debug|x64
		{CFFA970F-31AF-3E06-8336-2F71346C9F8B}.Debug|x64.Build.0 = Debug|x64
		{CFFA970F-31AF-3E06-8336-2F71346C9F8B}.Release|x64.ActiveCfg = Release|x64
		{CFFA970F-31AF-3E06-8336-2F71346C9F8B}.Release|x64.Build.0 = Release|x64
		{CFFA970F-31AF-3E06-8336-2F71346C9F8B}.MinSizeRel|x64.ActiveCfg = MinSizeRel|x64
		{CFFA970F-31AF-3E06-8336-2F71346C9F8B}.MinSizeRel|x64.Build.0 = MinSizeRel|x64
		{CFFA970F-31AF-3E06-8336-2F71346C9F8B}.RelWithDebInfo|x64.ActiveCfg = RelWithDebInfo|x64
		{CFFA970F-31AF-3E06-8336-2F71346C9F8B}.RelWithDebInfo|x64.Build.0 = RelWithDebInfo|x64
		{26CBAA20-A13A-3DC6-98DA-EF0A62BB5DC4}.Debug|x64.ActiveCfg = Debug|x64
		{26CBAA20-A13A-3DC6-98DA-EF0A62BB5DC4}.Debug|x64.Build.0 = Debug|x64
		{26CBAA20-A13A-3DC6-98DA-EF0A62BB5DC4}.Release|x64.ActiveCfg = Release|x64
		{26CBAA20-A13A-3DC6-98DA-EF0A62BB5DC4}.Release|x64.Build.0 = Release|x64
		{26CBAA20-A13A-3DC6-98DA-EF0A62BB5DC4}.MinSizeRel|x64.ActiveCfg = MinSizeRel|x64
		{26CBAA20-A13A-3DC6-98DA-EF0A62BB5DC4}.MinSizeRel|x64.Build.0 = MinSizeRel|x64
		{26CBAA20-A13A-3DC6-98DA-EF0A62BB5DC4}.RelWithDebInfo|x64.ActiveCfg = RelWithDebInfo|x64
		{26CBAA20-A13A-3DC6-98DA-EF0A62BB5DC4}.RelWithDebInfo|x64.Build.0 = RelWithDebInfo|x64
		{5D628DD9-8F36-30D9-9C65-4083E840E7F0}.Debug|x64.ActiveCfg = Debug|x64
		{5D628DD9-8F36-30D9-9C65-4083E840E7F0}.Debug|x64.Build.0 = Debug|x64
		{5D628DD9-8F36-30D9-9C65-4083E840E7F0}.Release|x64.ActiveCfg = Release|x64
		{5D628DD9-8F36-30D9-9C65-4083E840E7F0}.Release|x64.Build.0 = Release|x64
		{5D628DD9-8F36-30D9-9C65-4083E840E7F0}.MinSizeRel|x64.ActiveCfg = MinSizeRel|x64
		{5D628DD9-8F36-30D9-9C65-4083E840E7F0}.MinSizeRel|x64.Build.0 = MinSizeRel|x64
		{5D628DD9-8F36-30D9-9C65-4083E840E7F0}.RelWithDebInfo|x64.ActiveCfg = RelWithDebInfo|x64
		{5D628DD9-8F36-30D9-9C65-4083E840E7F0}.RelWithDebInfo|x64.Build.0 = RelWithDebInfo|x64
		{22DBCF83-66A4-3FCE-93E7-08D382F44985}.Debug|x64.ActiveCfg = Debug|x64
		{22DBCF83-66A4-3FCE-93E7-08D382F44985}.Release|x64.ActiveCfg = Release|x64
		{22DBCF83-66A4-3FCE-93E7-08D382F44985}.MinSizeRel|x64.ActiveCfg = MinSizeRel|x64
		{22DBCF83-66A4-3FCE-93E7-08D382F44985}.RelWithDebInfo|x64.ActiveCfg = RelWithDebInfo|x64
		{BC152720-F55D-34DD-B680-5BE47AB59FE0}.Debug|x64.ActiveCfg = Debug|x64
		{BC152720-F55D-34DD-B680-5BE47AB59FE0}.Debug|x64.Build.0 = Debug|x64
		{BC152720-F55D-34DD-B680-5BE47AB59FE0}.Release|x64.ActiveCfg = Release|x64
		{BC152720-F55D-34DD-B680-5BE47AB59FE0}.Release|x64.Build.0 = Release|x64
		{BC152720-F55D-34DD-B680-5BE47AB59FE0}.MinSizeRel|x64.ActiveCfg = MinSizeRel|x64
		{BC152720-F55D-34DD-B680-5BE47AB59FE0}.MinSizeRel|x64.Build.0 = MinSizeRel|x64
		{BC152720-F55D-34DD-B680-5BE47AB59FE0}.RelWithDebInfo|x64.ActiveCfg = RelWithDebInfo|x64
		{BC152720-F55D-34DD-B680-5BE47AB59FE0}.RelWithDebInfo|x64.Build.0 = RelWithDebInfo|x64
		{0B859F6E-69DF-32A4-A40C-A1BD9F0C8B7E}.Debug|x64.ActiveCfg = Debug|x64
		{0B859F6E-69DF-32A4-A40C-A1BD9F0C8B7E}.Debug|x64.Build.0 = Debug|x64
		{0B859F6E-69DF-32A4-A40C-A1BD9F0C8B7E}.Release|x64.ActiveCfg = Release|x64
		{0B859F6E-69DF-32A4-A40C-A1BD9F0C8B7E}.Release|x64.Build.0 = Release|x64
		{0B859F6E-69DF-32A4-A40C-A1BD9F0C8B7E}.MinSizeRel|x64.ActiveCfg = MinSizeRel|x64
		{0B859F6E-69DF-32A4-A40C-A1BD9F0C8B7E}.MinSizeRel|x64.Build.0 = MinSizeRel|x64
		{0B859F6E-69DF-32A4-A40C-A1BD9F0C8B7E}.RelWithDebInfo|x64.ActiveCfg = RelWithDebInfo|x64
		{0B859F6E-69DF-32A4-A40C-A1BD9F0C8B7E}.RelWithDebInfo|x64.Build.0 = RelWithDebInfo|x64
		{7ECB57FE-6DF5-3439-A703-303E28DC7800}.Debug|x64.ActiveCfg = Debug|x64
		{7ECB57FE-6DF5-3439-A703-303E28DC7800}.Debug|x64.Build.0 = Debug|x64
		{7ECB57FE-6DF5-3439-A703-303E28DC7800}.Release|x64.ActiveCfg = Release|x64
		{7ECB57FE-6DF5-3439-A703-303E28DC7800}.Release|x64.Build.0 = Release|x64
		{7ECB57FE-6DF5-3439-A703-303E28DC7800}.MinSizeRel|x64.ActiveCfg = MinSizeRel|x64
		{7ECB57FE-6DF5-3439-A703-303E28DC7800}.MinSizeRel|x64.Build.0 = MinSizeRel|x64
		{7ECB57FE-6DF5-3439-A703-303E28DC7800}.RelWithDebInfo|x64.ActiveCfg = RelWithDebInfo|x64
		{7ECB57FE-6DF5-3439-A703-303E28DC7800}.RelWithDebInfo|x64.Build.0 = RelWithDebInfo|x64
		{5A2873B6-733E-3C32-91C7-162677C95F6F}.Debug|x64.ActiveCfg = Debug|x64
		{5A2873B6-733E-3C32-91C7-162677C95F6F}.Debug|x64.Build.0 = Debug|x64
		{5A2873B6-733E-3C32-91C7-162677C95F6F}.Release|x64.ActiveCfg = Release|x64
		{5A2873B6-733E-3C32-91C7-162677C95F6F}.Release|x64.Build.0 = Release|x64
		{5A2873B6-733E-3C32-91C7-162677C95F6F}.MinSizeRel|x64.ActiveCfg = MinSizeRel|x64
		{5A2873B6-733E-3C32-91C7-162677C95F6F}.MinSizeRel|x64.Build.0 = MinSizeRel|x64
		{5A2873B6-733E-3C32-91C7-162677C95F6F}.RelWithDebInfo|x64.ActiveCfg = RelWithDebInfo|x64
		{5A2873B6-733E-3C32-91C7-162677C95F6F}.RelWithDebInfo|x64.Build.0 = RelWithDebInfo|x64
		{B451BB0A-44FD-3DD4-8E50-1AC3F83A537A}.Debug|x64.ActiveCfg = Debug|x64
		{B451BB0A-44FD-3DD4-8E50-1AC3F83A537A}.Debug|x64.Build.0 = Debug|x64
		{B451BB0A-44FD-3DD4-8E50-1AC3F83A537A}.Release|x64.ActiveCfg = Release|x64
		{B451BB0A-44FD-3DD4-8E50-1AC3F83A537A}.Release|x64.Build.0 = Release|x64
		{B451BB0A-44FD-3DD4-8E50-1AC3F83A537A}.MinSizeRel|x64.ActiveCfg = MinSizeRel|x64
		{B451BB0A-44FD-3DD4-8E50-1AC3F83A537A}.MinSizeRel|x64.Build.0 = MinSizeRel|x64
		{B451BB0A-44FD-3DD4-8E50-1AC3F83A537A}.RelWithDebInfo|x64.ActiveCfg = RelWithDebInfo|x64
		{B451BB0A-44FD-3DD4-8E50-1AC3F83A537A}.RelWithDebInfo|x64.Build.0 = RelWithDebInfo|x64
		{83FB2782-6124-3D8C-B2D8-B38984D32976}.Debug|x64.ActiveCfg = Debug|x64
		{83FB2782-6124-3D8C-B2D8-B38984D32976}.Debug|x64.Build.0 = Debug|x64
		{83FB2782-6124-3D8C-B2D8-B38984D32976}.Release|x64.ActiveCfg = Release|x64
		{83FB2782-6124-3D8C-B2D8-B38984D32976}.Release|x64.Build.0 = Release|x64
		{83FB2782-6124-3D8C-B2D8-B38984D32976}.MinSizeRel|x64.ActiveCfg = MinSizeRel|x64
		{83FB2782-6124-3D8C-B2D8-B38984D32976}.MinSizeRel|x64.Build.0 = MinSizeRel|x64
		{83FB2782-6124-3D8C-B2D8-B38984D32976}.RelWithDebInfo|x64.ActiveCfg = RelWithDebInfo|x64
		{83FB2782-6124-3D8C-B2D8-B38984D32976}.RelWithDebInfo|x64.Build.0 = RelWithDebInfo|x64
	EndGlobalSection
	GlobalSection(ExtensibilityGlobals) = postSolution
		SolutionGuid = {3EF7CB1A-627D-387C-8C16-86C23ED256F3}
	EndGlobalSection
	GlobalSection(ExtensibilityAddIns) = postSolution
	EndGlobalSection
EndGlobal
